{
  "pins" : [
    {
      "identity" : "alamofire",
      "kind" : "remoteSourceControl",
      "location" : "https://github.com/Alamofire/Alamofire.git",
      "state" : {
        "revision" : "3dc6a42c7727c49bf26508e29b0a0b35f9c7e1ad",
        "version" : "5.8.1"
      }
    },
    {
      "identity" : "cleanse",
      "kind" : "remoteSourceControl",
      "location" : "https://github.com/square/Cleanse.git",
      "state" : {
        "revision" : "c854787f83d99527587b5387f04ccd0030e6133a",
        "version" : "4.2.6"
      }
    }
  ],
  "version" : 2
}
